
Microsoft Visual Studio Solution File, Format Version 12.00
# Visual Studio Version 17
VisualStudioVersion = 17.0.31903.59
MinimumVisualStudioVersion = 10.0.40219.1
Project("{FAE04EC0-301F-11D3-BF4B-00C04F79EFBC}") = "BaristaXpertControl.API", "BaristaXpertControl.API\BaristaXpertControl.API.csproj", "{8D1B591C-27FC-45E1-8B32-7C226BBB1D26}"
EndProject
Project("{FAE04EC0-301F-11D3-BF4B-00C04F79EFBC}") = "BaristaXpertControl.Application", "BaristaXpertControl.Application\BaristaXpertControl.Application.csproj", "{AC54D019-DA24-4824-A20E-4C516015DF3D}"
EndProject
Project("{FAE04EC0-301F-11D3-BF4B-00C04F79EFBC}") = "BaristaXpertControl.Domain", "BaristaXpertControl.Domain\BaristaXpertControl.Domain.csproj", "{D31FCC01-EB52-44A3-A174-05C90E3DCADA}"
EndProject
Project("{FAE04EC0-301F-11D3-BF4B-00C04F79EFBC}") = "BaristaXpertControl.Infrastructure", "BaristaXpertControl.Infrastructure\BaristaXpertControl.Infrastructure.csproj", "{2253523D-2E07-49AC-9F92-57124562217E}"
EndProject
Global
	GlobalSection(SolutionConfigurationPlatforms) = preSolution
		Debug|Any CPU = Debug|Any CPU
		Release|Any CPU = Release|Any CPU
	EndGlobalSection
	GlobalSection(SolutionProperties) = preSolution
		HideSolutionNode = FALSE
	EndGlobalSection
	GlobalSection(ProjectConfigurationPlatforms) = postSolution
		{8D1B591C-27FC-45E1-8B32-7C226BBB1D26}.Debug|Any CPU.ActiveCfg = Debug|Any CPU
		{8D1B591C-27FC-45E1-8B32-7C226BBB1D26}.Debug|Any CPU.Build.0 = Debug|Any CPU
		{8D1B591C-27FC-45E1-8B32-7C226BBB1D26}.Release|Any CPU.ActiveCfg = Release|Any CPU
		{8D1B591C-27FC-45E1-8B32-7C226BBB1D26}.Release|Any CPU.Build.0 = Release|Any CPU
		{AC54D019-DA24-4824-A20E-4C516015DF3D}.Debug|Any CPU.ActiveCfg = Debug|Any CPU
		{AC54D019-DA24-4824-A20E-4C516015DF3D}.Debug|Any CPU.Build.0 = Debug|Any CPU
		{AC54D019-DA24-4824-A20E-4C516015DF3D}.Release|Any CPU.ActiveCfg = Release|Any CPU
		{AC54D019-DA24-4824-A20E-4C516015DF3D}.Release|Any CPU.Build.0 = Release|Any CPU
		{D31FCC01-EB52-44A3-A174-05C90E3DCADA}.Debug|Any CPU.ActiveCfg = Debug|Any CPU
		{D31FCC01-EB52-44A3-A174-05C90E3DCADA}.Debug|Any CPU.Build.0 = Debug|Any CPU
		{D31FCC01-EB52-44A3-A174-05C90E3DCADA}.Release|Any CPU.ActiveCfg = Release|Any CPU
		{D31FCC01-EB52-44A3-A174-05C90E3DCADA}.Release|Any CPU.Build.0 = Release|Any CPU
		{2253523D-2E07-49AC-9F92-57124562217E}.Debug|Any CPU.ActiveCfg = Debug|Any CPU
		{2253523D-2E07-49AC-9F92-57124562217E}.Debug|Any CPU.Build.0 = Debug|Any CPU
		{2253523D-2E07-49AC-9F92-57124562217E}.Release|Any CPU.ActiveCfg = Release|Any CPU
		{2253523D-2E07-49AC-9F92-57124562217E}.Release|Any CPU.Build.0 = Release|Any CPU
	EndGlobalSection
EndGlobal
